uuid: 3eecb612-5adb-4f38-88c9-62e1ea20d348
langcode: da
status: true
dependencies:
  config:
    - views.view.internal_links
  module:
    - node
    - system
    - views
  theme:
    - litteratursiden
id: views_block__internal_links_block
theme: litteratursiden
region: content
weight: -5
provider: null
plugin: 'views_block:internal_links-internal_links_block'
settings:
  id: 'views_block:internal_links-internal_links_block'
  label: 'Noget der ligner'
  provider: views
  label_display: visible
  views_label: 'Noget der ligner'
  items_per_page: none
  context_mapping: {  }
visibility:
  node_type:
    id: node_type
    bundles:
      similar: similar
    negate: false
    context_mapping:
      node: '@node.node_route_context:node'
  request_path:
    id: request_path
    pages: '/node/*/*'
    negate: true
    context_mapping: {  }
