uuid: e8a6cd84-0876-4352-9e77-f280cba70692
langcode: da
status: true
dependencies:
  config:
    - views.view.comments
  module:
    - node
    - system
    - views
  theme:
    - stark
id: stark_views_block__comments_book_dabate_block
theme: stark
region: content
weight: -12
provider: null
plugin: 'views_block:comments-book_dabate_block'
settings:
  id: 'views_block:comments-book_dabate_block'
  label: 'Deltag i debatten'
  label_display: visible
  provider: views
  context_mapping: {  }
  views_label: 'Deltag i debatten'
  items_per_page: none
visibility:
  request_path:
    id: request_path
    negate: true
    context_mapping: {  }
    pages: '/node/*/*'
  'entity_bundle:node':
    id: 'entity_bundle:node'
    negate: false
    context_mapping:
      node: '@node.node_route_context:node'
    bundles:
      book: book
