uuid: 9697d056-0b84-4ac6-96c9-fbccb67d962d
langcode: en
status: true
dependencies:
  config:
    - views.view.recent_reviews
  module:
    - system
    - views
  theme:
    - litteratursiden
id: views_block__recent_reviews_block
theme: litteratursiden
region: content
weight: 23
provider: null
plugin: 'views_block:recent_reviews-block_recent_reviews'
settings:
  id: 'views_block:recent_reviews-block_recent_reviews'
  label: ''
  provider: views
  label_display: visible
  views_label: ''
  items_per_page: none
visibility:
  request_path:
    id: request_path
    pages: "<front>\r\n"
    negate: false
    context_mapping: {  }
