uuid: 01455829-aa20-4481-a1a6-dd1367003b2d
langcode: da
status: true
dependencies:
  config:
    - views.view.comments
  module:
    - node
    - system
    - views
  theme:
    - litteratursiden
id: views_block__comments_block
theme: litteratursiden
region: content
weight: 959
provider: null
plugin: 'views_block:comments-comments_block'
settings:
  id: 'views_block:comments-comments_block'
  label: ''
  provider: views
  label_display: visible
  views_label: ''
  items_per_page: none
  context_mapping: {  }
visibility:
  node_type:
    id: node_type
    bundles:
      analysis: analysis
      article: article
      blog: blog
      book_debate: book_debate
      review: review
      topic: topic
    negate: false
    context_mapping:
      node: '@node.node_route_context:node'
  request_path:
    id: request_path
    pages: '/node/*/*'
    negate: true
    context_mapping: {  }
