uuid: 9ed6eb96-3fb4-41de-b2d5-dd5a24d4ead9
langcode: da
status: true
dependencies:
  module:
    - lit_search
    - system
  theme:
    - litteratursiden
id: searchautocompleteblock
theme: litteratursiden
region: header
weight: 0
provider: null
plugin: lit_search_autocomplete_block
settings:
  id: lit_search_autocomplete_block
  label: 'Inspiration og debat om litteratur'
  label_display: visible
  provider: lit_search
visibility:
  request_path:
    id: request_path
    negate: false
    context_mapping: {  }
    pages: '<front>'
