uuid: ddca42cc-0862-4323-a676-c057dc575d37
langcode: da
status: true
dependencies:
  config:
    - views.view.book_list
  module:
    - node
    - system
    - views
  theme:
    - litteratursiden
id: views_block__book_list_block
theme: litteratursiden
region: content
weight: -11
provider: null
plugin: 'views_block:book_list-book_list_block'
settings:
  id: 'views_block:book_list-book_list_block'
  label: ''
  label_display: visible
  provider: views
  context_mapping: {  }
  views_label: ''
  items_per_page: none
visibility:
  request_path:
    id: request_path
    negate: false
    context_mapping: {  }
    pages: '<front>'
  'entity_bundle:node':
    id: 'entity_bundle:node'
    negate: false
    context_mapping:
      node: '@node.node_route_context:node'
    bundles:
      book: book
