uuid: 98628031-a209-440b-9fd2-7007925f617e
langcode: da
status: false
dependencies:
  module:
    - lit_search
    - system
  theme:
    - stark
id: stark_searchautocompleteblock
theme: stark
region: header
weight: 0
provider: null
plugin: lit_search_autocomplete_block
settings:
  id: lit_search_autocomplete_block
  label: 'Inspiration og debat om litteratur'
  label_display: visible
  provider: lit_search
visibility:
  request_path:
    id: request_path
    negate: false
    context_mapping: {  }
    pages: '<front>'
