uuid: a7ef83ee-7c0d-44fa-8bfe-0096b6c3dfa0
langcode: da
status: true
dependencies:
  config:
    - views.view.comments
  module:
    - node
    - system
    - views
  theme:
    - litteratursiden
id: views_block__comments_user_reviews_block
theme: litteratursiden
region: content
weight: -5
provider: null
plugin: 'views_block:comments-user_reviews_block'
settings:
  id: 'views_block:comments-user_reviews_block'
  label: ''
  provider: views
  label_display: visible
  views_label: ''
  items_per_page: none
  context_mapping: {  }
visibility:
  node_type:
    id: node_type
    bundles:
      book: book
    negate: false
    context_mapping:
      node: '@node.node_route_context:node'
  request_path:
    id: request_path
    pages: '/node/*/*'
    negate: true
    context_mapping: {  }
