uuid: ef9bcdfc-83da-4a4e-9fb8-3bd9735ed509
langcode: en
status: true
dependencies:
  config:
    - views.view.flag_bookmark
  module:
    - system
    - views
  theme:
    - stark
id: stark_views_block__flag_bookmark_favorite_content_block
theme: stark
region: content
weight: -3
provider: null
plugin: 'views_block:flag_bookmark-favorite_content_block'
settings:
  id: 'views_block:flag_bookmark-favorite_content_block'
  label: ''
  label_display: '0'
  provider: views
  views_label: ''
  items_per_page: none
visibility:
  request_path:
    id: request_path
    negate: false
    context_mapping: {  }
    pages: "/user/*\r\n!/user/*/*\r\n!/user/register\r\n!/user/logout\r\n!/user/password\r\n!/user/login\r\n!/user/login_status"
