uuid: 2dd92a4b-cecb-45e3-b607-b672da542285
langcode: da
status: true
dependencies:
  module:
    - lit_search
  theme:
    - litteratursiden
id: searchautocompleteblock
theme: litteratursiden
region: navigation
weight: -2
provider: null
plugin: lit_search_autocomplete_block
settings:
  id: lit_search_autocomplete_block
  label: 'Search autocomplete block'
  provider: lit_search
  label_display: '0'
visibility: {  }
