uuid: 33c3ce4a-19e8-4bf2-a9ec-46c1c169e66e
langcode: en
status: true
dependencies:
  config:
    - views.view.books
  module:
    - node
    - system
    - views
  theme:
    - litteratursiden
id: views_block__book_list_books_block
theme: litteratursiden
region: content
weight: 11
provider: null
plugin: 'views_block:books-book_list_books_block'
settings:
  id: 'views_block:books-book_list_books_block'
  label: ''
  provider: views
  label_display: visible
  views_label: ''
  items_per_page: none
  context_mapping: {  }
visibility:
  node_type:
    id: node_type
    bundles:
      book_list: book_list
    negate: false
    context_mapping:
      node: '@node.node_route_context:node'
  request_path:
    id: request_path
    pages: '/node/*/*'
    negate: true
    context_mapping: {  }
